{
    "_readme": [
        "This file locks the dependencies of your project to a known state",
        "Read more about it at https://getcomposer.org/doc/01-basic-usage.md#installing-dependencies",
        "This file is @generated automatically"
    ],
    "content-hash": "a683d2b7b8c23a368d35a2113e1683a6",
    "packages": [
        {
            "name": "davmixcool/php-sentiment-analyzer",
            "version": "1.2.2",
            "source": {
                "type": "git",
                "url": "https://github.com/davmixcool/php-sentiment-analyzer.git",
                "reference": "d7503b68313c62eee3ed0ac9774c0a84d818a405"
            },
            "dist": {
                "type": "zip",
                "url": "https://api.github.com/repos/davmixcool/php-sentiment-analyzer/zipball/d7503b68313c62eee3ed0ac9774c0a84d818a405",
                "reference": "d7503b68313c62eee3ed0ac9774c0a84d818a405",
                "shasum": ""
            },
            "require": {
                "php": ">=5.5.9"
            },
            "type": "library",
            "autoload": {
                "psr-4": {
                    "Sentiment\\": "src/"
                }
            },
            "notification-url": "https://packagist.org/downloads/",
            "license": [
                "MIT"
            ],
            "authors": [
                {
                    "name": "David Oti",
                    "email": "davmixcool@gmail.com",
                    "role": "Software Developer"
                }
            ],
            "description": "PHP Sentiment Analyzer is a lexicon and rule-based sentiment analysis tool that is used to understand sentiments in a sentence using VADER (Valence Aware Dictionary and sentiment Reasoner).",
            "homepage": "https://github.com/davmixcool/php-sentiment-analyzer",
            "keywords": [
                "Deep learning",
                "Sentiment Analyzer",
                "ai",
                "machine learning",
                "nlp",
                "php",
                "social"
            ],
            "support": {
                "issues": "https://github.com/davmixcool/php-sentiment-analyzer/issues",
                "source": "https://github.com/davmixcool/php-sentiment-analyzer/tree/1.2.2"
            },
            "time": "2020-09-17T13:50:06+00:00"
        }
    ],
    "packages-dev": [],
    "aliases": [],
    "minimum-stability": "stable",
    "stability-flags": [],
    "prefer-stable": false,
    "prefer-lowest": false,
    "platform": [],
    "platform-dev": [],
    "plugin-api-version": "2.3.0"
}
